// !$*UTF8*$!
{
	archiveVersion = 1;
	classes = {
	};
	objectVersion = 55;
	objects = {

/* Begin PBXBuildFile section */
		CC00B6CF28B249C600B29F42 /* CoinPriceView.swift in Sources */ = {isa = PBXBuildFile; fileRef = CC00B6CE28B249C600B29F42 /* CoinPriceView.swift */; };
		CC00B6D228B2546400B29F42 /* CombineDataSources in Frameworks */ = {isa = PBXBuildFile; productRef = CC00B6D128B2546400B29F42 /* CombineDataSources */; };
		CC0CAFA228B3776C00839D04 /* Charts in Frameworks */ = {isa = PBXBuildFile; productRef = CC0CAFA128B3776C00839D04 /* Charts */; };
		CC0CAFA428B3928400839D04 /* CoinDetailViewModel.swift in Sources */ = {isa = PBXBuildFile; fileRef = CC0CAFA328B3928400839D04 /* CoinDetailViewModel.swift */; };
		CC39235728AFA1A000B644DD /* AppDelegate.swift in Sources */ = {isa = PBXBuildFile; fileRef = CC39235628AFA1A000B644DD /* AppDelegate.swift */; };
		CC39235928AFA1A000B644DD /* SceneDelegate.swift in Sources */ = {isa = PBXBuildFile; fileRef = CC39235828AFA1A000B644DD /* SceneDelegate.swift */; };
		CC39236028AFA1A900B644DD /* Assets.xcassets in Resources */ = {isa = PBXBuildFile; fileRef = CC39235F28AFA1A900B644DD /* Assets.xcassets */; };
		CC39236328AFA1A900B644DD /* LaunchScreen.storyboard in Resources */ = {isa = PBXBuildFile; fileRef = CC39236128AFA1A900B644DD /* LaunchScreen.storyboard */; };
		CC39236D28AFA21E00B644DD /* CryptoAPI.xcframework in Frameworks */ = {isa = PBXBuildFile; fileRef = CC39236B28AFA20100B644DD /* CryptoAPI.xcframework */; settings = {ATTRIBUTES = (Required, ); }; };
		CC39236E28AFA21E00B644DD /* CryptoAPI.xcframework in Embed Frameworks */ = {isa = PBXBuildFile; fileRef = CC39236B28AFA20100B644DD /* CryptoAPI.xcframework */; settings = {ATTRIBUTES = (CodeSignOnCopy, RemoveHeadersOnCopy, ); }; };
		CC4358C928B0F3260067B42F /* Results+Extensions.swift in Sources */ = {isa = PBXBuildFile; fileRef = CC4358C828B0F3260067B42F /* Results+Extensions.swift */; };
		CC488AF828B0EB0400C8DE50 /* Double+Extensions.swift in Sources */ = {isa = PBXBuildFile; fileRef = CC488AF728B0EB0400C8DE50 /* Double+Extensions.swift */; };
		CC6D8D9328AFB101004956A2 /* Realm in Frameworks */ = {isa = PBXBuildFile; productRef = CC6D8D9228AFB101004956A2 /* Realm */; };
		CC6D8D9528AFB101004956A2 /* RealmSwift in Frameworks */ = {isa = PBXBuildFile; productRef = CC6D8D9428AFB101004956A2 /* RealmSwift */; };
		CC6D8D9828AFB154004956A2 /* SnapKit in Frameworks */ = {isa = PBXBuildFile; productRef = CC6D8D9728AFB154004956A2 /* SnapKit */; };
		CC6D8D9E28AFB6F1004956A2 /* MainViewController.swift in Sources */ = {isa = PBXBuildFile; fileRef = CC6D8D9D28AFB6F1004956A2 /* MainViewController.swift */; };
		CC6D8DA128AFB718004956A2 /* MainViewControllerViewModel.swift in Sources */ = {isa = PBXBuildFile; fileRef = CC6D8DA028AFB718004956A2 /* MainViewControllerViewModel.swift */; };
		CC6D8DA328AFC1ED004956A2 /* MainViewControllerUI.swift in Sources */ = {isa = PBXBuildFile; fileRef = CC6D8DA228AFC1ED004956A2 /* MainViewControllerUI.swift */; };
		CC6D8DA628AFC616004956A2 /* UIView+Extensions.swift in Sources */ = {isa = PBXBuildFile; fileRef = CC6D8DA528AFC616004956A2 /* UIView+Extensions.swift */; };
		CC6D8DAA28AFC711004956A2 /* CoinCollectionViewCell.swift in Sources */ = {isa = PBXBuildFile; fileRef = CC6D8DA928AFC711004956A2 /* CoinCollectionViewCell.swift */; };
		CC6D8DAD28AFC9B7004956A2 /* CoinCollectionViewUI.swift in Sources */ = {isa = PBXBuildFile; fileRef = CC6D8DAC28AFC9B7004956A2 /* CoinCollectionViewUI.swift */; };
		CC6D8DB028AFD333004956A2 /* UIImageView+Extensions.swift in Sources */ = {isa = PBXBuildFile; fileRef = CC6D8DAF28AFD333004956A2 /* UIImageView+Extensions.swift */; };
		CC6D8DB328AFD959004956A2 /* LimitPriceView.swift in Sources */ = {isa = PBXBuildFile; fileRef = CC6D8DB228AFD959004956A2 /* LimitPriceView.swift */; };
		CC6D8DB628B0DA74004956A2 /* DataBaseManager.swift in Sources */ = {isa = PBXBuildFile; fileRef = CC6D8DB528B0DA74004956A2 /* DataBaseManager.swift */; };
		CC6D8DB928B0DB1E004956A2 /* CoinDataBaseModel.swift in Sources */ = {isa = PBXBuildFile; fileRef = CC6D8DB828B0DB1E004956A2 /* CoinDataBaseModel.swift */; };
		CCC204EA28B27C1E00973C05 /* CoinDetailsViewController.swift in Sources */ = {isa = PBXBuildFile; fileRef = CCC204E928B27C1E00973C05 /* CoinDetailsViewController.swift */; };
		CCC204EC28B27C5800973C05 /* CoinDetailViewControllerUI.swift in Sources */ = {isa = PBXBuildFile; fileRef = CCC204EB28B27C5800973C05 /* CoinDetailViewControllerUI.swift */; };
/* End PBXBuildFile section */

/* Begin PBXCopyFilesBuildPhase section */
		CC39236F28AFA21E00B644DD /* Embed Frameworks */ = {
			isa = PBXCopyFilesBuildPhase;
			buildActionMask = 2147483647;
			dstPath = "";
			dstSubfolderSpec = 10;
			files = (
				CC39236E28AFA21E00B644DD /* CryptoAPI.xcframework in Embed Frameworks */,
			);
			name = "Embed Frameworks";
			runOnlyForDeploymentPostprocessing = 0;
		};
/* End PBXCopyFilesBuildPhase section */

/* Begin PBXFileReference section */
		5BBA0072A9D25AEF4D2E2F23 /* Pods_CryptoApp.framework */ = {isa = PBXFileReference; explicitFileType = wrapper.framework; includeInIndex = 0; path = Pods_CryptoApp.framework; sourceTree = BUILT_PRODUCTS_DIR; };
		CC00B6CE28B249C600B29F42 /* CoinPriceView.swift */ = {isa = PBXFileReference; lastKnownFileType = sourcecode.swift; path = CoinPriceView.swift; sourceTree = "<group>"; };
		CC0CAFA328B3928400839D04 /* CoinDetailViewModel.swift */ = {isa = PBXFileReference; lastKnownFileType = sourcecode.swift; path = CoinDetailViewModel.swift; sourceTree = "<group>"; };
		CC39235328AFA1A000B644DD /* CryptoApp.app */ = {isa = PBXFileReference; explicitFileType = wrapper.application; includeInIndex = 0; path = CryptoApp.app; sourceTree = BUILT_PRODUCTS_DIR; };
		CC39235628AFA1A000B644DD /* AppDelegate.swift */ = {isa = PBXFileReference; lastKnownFileType = sourcecode.swift; path = AppDelegate.swift; sourceTree = "<group>"; };
		CC39235828AFA1A000B644DD /* SceneDelegate.swift */ = {isa = PBXFileReference; lastKnownFileType = sourcecode.swift; path = SceneDelegate.swift; sourceTree = "<group>"; };
		CC39235F28AFA1A900B644DD /* Assets.xcassets */ = {isa = PBXFileReference; lastKnownFileType = folder.assetcatalog; path = Assets.xcassets; sourceTree = "<group>"; };
		CC39236228AFA1A900B644DD /* Base */ = {isa = PBXFileReference; lastKnownFileType = file.storyboard; name = Base; path = Base.lproj/LaunchScreen.storyboard; sourceTree = "<group>"; };
		CC39236428AFA1A900B644DD /* Info.plist */ = {isa = PBXFileReference; lastKnownFileType = text.plist.xml; path = Info.plist; sourceTree = "<group>"; };
		CC39236B28AFA20100B644DD /* CryptoAPI.xcframework */ = {isa = PBXFileReference; lastKnownFileType = wrapper.xcframework; path = CryptoAPI.xcframework; sourceTree = "<group>"; };
		CC4358C828B0F3260067B42F /* Results+Extensions.swift */ = {isa = PBXFileReference; lastKnownFileType = sourcecode.swift; path = "Results+Extensions.swift"; sourceTree = "<group>"; };
		CC488AF728B0EB0400C8DE50 /* Double+Extensions.swift */ = {isa = PBXFileReference; lastKnownFileType = sourcecode.swift; path = "Double+Extensions.swift"; sourceTree = "<group>"; };
		CC6D8D9D28AFB6F1004956A2 /* MainViewController.swift */ = {isa = PBXFileReference; lastKnownFileType = sourcecode.swift; path = MainViewController.swift; sourceTree = "<group>"; };
		CC6D8DA028AFB718004956A2 /* MainViewControllerViewModel.swift */ = {isa = PBXFileReference; lastKnownFileType = sourcecode.swift; path = MainViewControllerViewModel.swift; sourceTree = "<group>"; };
		CC6D8DA228AFC1ED004956A2 /* MainViewControllerUI.swift */ = {isa = PBXFileReference; lastKnownFileType = sourcecode.swift; path = MainViewControllerUI.swift; sourceTree = "<group>"; };
		CC6D8DA528AFC616004956A2 /* UIView+Extensions.swift */ = {isa = PBXFileReference; lastKnownFileType = sourcecode.swift; path = "UIView+Extensions.swift"; sourceTree = "<group>"; };
		CC6D8DA928AFC711004956A2 /* CoinCollectionViewCell.swift */ = {isa = PBXFileReference; lastKnownFileType = sourcecode.swift; path = CoinCollectionViewCell.swift; sourceTree = "<group>"; };
		CC6D8DAC28AFC9B7004956A2 /* CoinCollectionViewUI.swift */ = {isa = PBXFileReference; lastKnownFileType = sourcecode.swift; path = CoinCollectionViewUI.swift; sourceTree = "<group>"; };
		CC6D8DAF28AFD333004956A2 /* UIImageView+Extensions.swift */ = {isa = PBXFileReference; lastKnownFileType = sourcecode.swift; path = "UIImageView+Extensions.swift"; sourceTree = "<group>"; };
		CC6D8DB228AFD959004956A2 /* LimitPriceView.swift */ = {isa = PBXFileReference; lastKnownFileType = sourcecode.swift; path = LimitPriceView.swift; sourceTree = "<group>"; };
		CC6D8DB528B0DA74004956A2 /* DataBaseManager.swift */ = {isa = PBXFileReference; lastKnownFileType = sourcecode.swift; path = DataBaseManager.swift; sourceTree = "<group>"; };
		CC6D8DB828B0DB1E004956A2 /* CoinDataBaseModel.swift */ = {isa = PBXFileReference; lastKnownFileType = sourcecode.swift; path = CoinDataBaseModel.swift; sourceTree = "<group>"; };
		CCC204E928B27C1E00973C05 /* CoinDetailsViewController.swift */ = {isa = PBXFileReference; lastKnownFileType = sourcecode.swift; path = CoinDetailsViewController.swift; sourceTree = "<group>"; };
		CCC204EB28B27C5800973C05 /* CoinDetailViewControllerUI.swift */ = {isa = PBXFileReference; lastKnownFileType = sourcecode.swift; path = CoinDetailViewControllerUI.swift; sourceTree = "<group>"; };
/* End PBXFileReference section */

/* Begin PBXFrameworksBuildPhase section */
		CC39235028AFA1A000B644DD /* Frameworks */ = {
			isa = PBXFrameworksBuildPhase;
			buildActionMask = 2147483647;
			files = (
				CC6D8D9528AFB101004956A2 /* RealmSwift in Frameworks */,
				CC0CAFA228B3776C00839D04 /* Charts in Frameworks */,
				CC6D8D9828AFB154004956A2 /* SnapKit in Frameworks */,
				CC00B6D228B2546400B29F42 /* CombineDataSources in Frameworks */,
				CC6D8D9328AFB101004956A2 /* Realm in Frameworks */,
				CC39236D28AFA21E00B644DD /* CryptoAPI.xcframework in Frameworks */,
			);
			runOnlyForDeploymentPostprocessing = 0;
		};
/* End PBXFrameworksBuildPhase section */

/* Begin PBXGroup section */
		056B3D45230D847B15DFD85F /* Frameworks */ = {
			isa = PBXGroup;
			children = (
				5BBA0072A9D25AEF4D2E2F23 /* Pods_CryptoApp.framework */,
			);
			name = Frameworks;
			sourceTree = "<group>";
		};
		CC00B6CD28B249B500B29F42 /* CoinPriceView */ = {
			isa = PBXGroup;
			children = (
				CC00B6CE28B249C600B29F42 /* CoinPriceView.swift */,
			);
			path = CoinPriceView;
			sourceTree = "<group>";
		};
		CC00B6D328B26A1E00B29F42 /* Coordinator */ = {
			isa = PBXGroup;
			children = (
			);
			path = Coordinator;
			sourceTree = "<group>";
		};
		CC39234A28AFA1A000B644DD = {
			isa = PBXGroup;
			children = (
				CC39235528AFA1A000B644DD /* CryptoApp */,
				CC39235428AFA1A000B644DD /* Products */,
				056B3D45230D847B15DFD85F /* Frameworks */,
			);
			sourceTree = "<group>";
		};
		CC39235428AFA1A000B644DD /* Products */ = {
			isa = PBXGroup;
			children = (
				CC39235328AFA1A000B644DD /* CryptoApp.app */,
			);
			name = Products;
			sourceTree = "<group>";
		};
		CC39235528AFA1A000B644DD /* CryptoApp */ = {
			isa = PBXGroup;
			children = (
				CC6D8DB728B0DAD7004956A2 /* DataBaseModels */,
				CC6D8DB428B0DA67004956A2 /* Managers */,
				CC00B6D328B26A1E00B29F42 /* Coordinator */,
				CC6D8DAE28AFCCF5004956A2 /* CustomViews */,
				CC6D8DA828AFC6FC004956A2 /* UICollectionViewCells  */,
				CCC204E828B27C0B00973C05 /* CoinDetailsViewController */,
				CC6D8D9C28AFB6CD004956A2 /* MainViewController */,
				CC6D8DA428AFC603004956A2 /* Extensions */,
				CC39236A28AFA1E100B644DD /* Frameworks */,
				CC39235628AFA1A000B644DD /* AppDelegate.swift */,
				CC39235828AFA1A000B644DD /* SceneDelegate.swift */,
				CC39235F28AFA1A900B644DD /* Assets.xcassets */,
				CC39236128AFA1A900B644DD /* LaunchScreen.storyboard */,
				CC39236428AFA1A900B644DD /* Info.plist */,
			);
			path = CryptoApp;
			sourceTree = "<group>";
		};
		CC39236A28AFA1E100B644DD /* Frameworks */ = {
			isa = PBXGroup;
			children = (
				CC39236B28AFA20100B644DD /* CryptoAPI.xcframework */,
			);
			path = Frameworks;
			sourceTree = "<group>";
		};
		CC6D8D9C28AFB6CD004956A2 /* MainViewController */ = {
			isa = PBXGroup;
			children = (
				CC6D8D9D28AFB6F1004956A2 /* MainViewController.swift */,
				CC6D8DA228AFC1ED004956A2 /* MainViewControllerUI.swift */,
				CC6D8DA028AFB718004956A2 /* MainViewControllerViewModel.swift */,
			);
			path = MainViewController;
			sourceTree = "<group>";
		};
		CC6D8DA428AFC603004956A2 /* Extensions */ = {
			isa = PBXGroup;
			children = (
				CC6D8DA528AFC616004956A2 /* UIView+Extensions.swift */,
				CC6D8DAF28AFD333004956A2 /* UIImageView+Extensions.swift */,
				CC488AF728B0EB0400C8DE50 /* Double+Extensions.swift */,
				CC4358C828B0F3260067B42F /* Results+Extensions.swift */,
			);
			path = Extensions;
			sourceTree = "<group>";
		};
		CC6D8DA828AFC6FC004956A2 /* UICollectionViewCells  */ = {
			isa = PBXGroup;
			children = (
				CC6D8DAB28AFC717004956A2 /* CoinCollectionViewCell */,
			);
			path = "UICollectionViewCells ";
			sourceTree = "<group>";
		};
		CC6D8DAB28AFC717004956A2 /* CoinCollectionViewCell */ = {
			isa = PBXGroup;
			children = (
				CC6D8DA928AFC711004956A2 /* CoinCollectionViewCell.swift */,
				CC6D8DAC28AFC9B7004956A2 /* CoinCollectionViewUI.swift */,
			);
			path = CoinCollectionViewCell;
			sourceTree = "<group>";
		};
		CC6D8DAE28AFCCF5004956A2 /* CustomViews */ = {
			isa = PBXGroup;
			children = (
				CC00B6CD28B249B500B29F42 /* CoinPriceView */,
				CC6D8DB128AFD946004956A2 /* LimitPriceView */,
			);
			path = CustomViews;
			sourceTree = "<group>";
		};
		CC6D8DB128AFD946004956A2 /* LimitPriceView */ = {
			isa = PBXGroup;
			children = (
				CC6D8DB228AFD959004956A2 /* LimitPriceView.swift */,
			);
			path = LimitPriceView;
			sourceTree = "<group>";
		};
		CC6D8DB428B0DA67004956A2 /* Managers */ = {
			isa = PBXGroup;
			children = (
				CC6D8DB528B0DA74004956A2 /* DataBaseManager.swift */,
			);
			path = Managers;
			sourceTree = "<group>";
		};
		CC6D8DB728B0DAD7004956A2 /* DataBaseModels */ = {
			isa = PBXGroup;
			children = (
				CC6D8DB828B0DB1E004956A2 /* CoinDataBaseModel.swift */,
			);
			path = DataBaseModels;
			sourceTree = "<group>";
		};
		CCC204E828B27C0B00973C05 /* CoinDetailsViewController */ = {
			isa = PBXGroup;
			children = (
				CCC204E928B27C1E00973C05 /* CoinDetailsViewController.swift */,
				CC0CAFA328B3928400839D04 /* CoinDetailViewModel.swift */,
				CCC204EB28B27C5800973C05 /* CoinDetailViewControllerUI.swift */,
			);
			path = CoinDetailsViewController;
			sourceTree = "<group>";
		};
/* End PBXGroup section */

/* Begin PBXNativeTarget section */
		CC39235228AFA1A000B644DD /* CryptoApp */ = {
			isa = PBXNativeTarget;
			buildConfigurationList = CC39236728AFA1A900B644DD /* Build configuration list for PBXNativeTarget "CryptoApp" */;
			buildPhases = (
				CC39234F28AFA1A000B644DD /* Sources */,
				CC39235028AFA1A000B644DD /* Frameworks */,
				CC39235128AFA1A000B644DD /* Resources */,
				CC39236F28AFA21E00B644DD /* Embed Frameworks */,
			);
			buildRules = (
			);
			dependencies = (
			);
			name = CryptoApp;
			packageProductDependencies = (
				CC6D8D9228AFB101004956A2 /* Realm */,
				CC6D8D9428AFB101004956A2 /* RealmSwift */,
				CC6D8D9728AFB154004956A2 /* SnapKit */,
				CC00B6D128B2546400B29F42 /* CombineDataSources */,
				CC0CAFA128B3776C00839D04 /* Charts */,
			);
			productName = CryptoApp;
			productReference = CC39235328AFA1A000B644DD /* CryptoApp.app */;
			productType = "com.apple.product-type.application";
		};
/* End PBXNativeTarget section */

/* Begin PBXProject section */
		CC39234B28AFA1A000B644DD /* Project object */ = {
			isa = PBXProject;
			attributes = {
				BuildIndependentTargetsInParallel = 1;
				LastSwiftUpdateCheck = 1340;
				LastUpgradeCheck = 1340;
				TargetAttributes = {
					CC39235228AFA1A000B644DD = {
						CreatedOnToolsVersion = 13.4;
					};
				};
			};
			buildConfigurationList = CC39234E28AFA1A000B644DD /* Build configuration list for PBXProject "CryptoApp" */;
			compatibilityVersion = "Xcode 13.0";
			developmentRegion = en;
			hasScannedForEncodings = 0;
			knownRegions = (
				en,
				Base,
			);
			mainGroup = CC39234A28AFA1A000B644DD;
			packageReferences = (
				CC6D8D9128AFB101004956A2 /* XCRemoteSwiftPackageReference "realm-swift" */,
				CC6D8D9628AFB154004956A2 /* XCRemoteSwiftPackageReference "SnapKit" */,
				CC00B6D028B2546400B29F42 /* XCRemoteSwiftPackageReference "CombineDataSources" */,
				CC0CAFA028B3776C00839D04 /* XCRemoteSwiftPackageReference "Charts" */,
			);
			productRefGroup = CC39235428AFA1A000B644DD /* Products */;
			projectDirPath = "";
			projectRoot = "";
			targets = (
				CC39235228AFA1A000B644DD /* CryptoApp */,
			);
		};
/* End PBXProject section */

/* Begin PBXResourcesBuildPhase section */
		CC39235128AFA1A000B644DD /* Resources */ = {
			isa = PBXResourcesBuildPhase;
			buildActionMask = 2147483647;
			files = (
				CC39236328AFA1A900B644DD /* LaunchScreen.storyboard in Resources */,
				CC39236028AFA1A900B644DD /* Assets.xcassets in Resources */,
			);
			runOnlyForDeploymentPostprocessing = 0;
		};
/* End PBXResourcesBuildPhase section */

/* Begin PBXSourcesBuildPhase section */
		CC39234F28AFA1A000B644DD /* Sources */ = {
			isa = PBXSourcesBuildPhase;
			buildActionMask = 2147483647;
			files = (
				CC6D8DB328AFD959004956A2 /* LimitPriceView.swift in Sources */,
				CC488AF828B0EB0400C8DE50 /* Double+Extensions.swift in Sources */,
				CC6D8DA628AFC616004956A2 /* UIView+Extensions.swift in Sources */,
				CC6D8DA128AFB718004956A2 /* MainViewControllerViewModel.swift in Sources */,
				CC39235728AFA1A000B644DD /* AppDelegate.swift in Sources */,
				CCC204EA28B27C1E00973C05 /* CoinDetailsViewController.swift in Sources */,
				CC6D8DB028AFD333004956A2 /* UIImageView+Extensions.swift in Sources */,
				CC6D8DAD28AFC9B7004956A2 /* CoinCollectionViewUI.swift in Sources */,
				CC6D8DAA28AFC711004956A2 /* CoinCollectionViewCell.swift in Sources */,
				CCC204EC28B27C5800973C05 /* CoinDetailViewControllerUI.swift in Sources */,
				CC0CAFA428B3928400839D04 /* CoinDetailViewModel.swift in Sources */,
				CC4358C928B0F3260067B42F /* Results+Extensions.swift in Sources */,
				CC39235928AFA1A000B644DD /* SceneDelegate.swift in Sources */,
				CC6D8D9E28AFB6F1004956A2 /* MainViewController.swift in Sources */,
				CC6D8DB928B0DB1E004956A2 /* CoinDataBaseModel.swift in Sources */,
				CC6D8DA328AFC1ED004956A2 /* MainViewControllerUI.swift in Sources */,
				CC6D8DB628B0DA74004956A2 /* DataBaseManager.swift in Sources */,
				CC00B6CF28B249C600B29F42 /* CoinPriceView.swift in Sources */,
			);
			runOnlyForDeploymentPostprocessing = 0;
		};
/* End PBXSourcesBuildPhase section */

/* Begin PBXVariantGroup section */
		CC39236128AFA1A900B644DD /* LaunchScreen.storyboard */ = {
			isa = PBXVariantGroup;
			children = (
				CC39236228AFA1A900B644DD /* Base */,
			);
			name = LaunchScreen.storyboard;
			sourceTree = "<group>";
		};
/* End PBXVariantGroup section */

/* Begin XCBuildConfiguration section */
		CC39236528AFA1A900B644DD /* Debug */ = {
			isa = XCBuildConfiguration;
			buildSettings = {
				ALWAYS_SEARCH_USER_PATHS = NO;
				CLANG_ANALYZER_NONNULL = YES;
				CLANG_ANALYZER_NUMBER_OBJECT_CONVERSION = YES_AGGRESSIVE;
				CLANG_CXX_LANGUAGE_STANDARD = "gnu++17";
				CLANG_ENABLE_MODULES = YES;
				CLANG_ENABLE_OBJC_ARC = YES;
				CLANG_ENABLE_OBJC_WEAK = YES;
				CLANG_WARN_BLOCK_CAPTURE_AUTORELEASING = YES;
				CLANG_WARN_BOOL_CONVERSION = YES;
				CLANG_WARN_COMMA = YES;
				CLANG_WARN_CONSTANT_CONVERSION = YES;
				CLANG_WARN_DEPRECATED_OBJC_IMPLEMENTATIONS = YES;
				CLANG_WARN_DIRECT_OBJC_ISA_USAGE = YES_ERROR;
				CLANG_WARN_DOCUMENTATION_COMMENTS = YES;
				CLANG_WARN_EMPTY_BODY = YES;
				CLANG_WARN_ENUM_CONVERSION = YES;
				CLANG_WARN_INFINITE_RECURSION = YES;
				CLANG_WARN_INT_CONVERSION = YES;
				CLANG_WARN_NON_LITERAL_NULL_CONVERSION = YES;
				CLANG_WARN_OBJC_IMPLICIT_RETAIN_SELF = YES;
				CLANG_WARN_OBJC_LITERAL_CONVERSION = YES;
				CLANG_WARN_OBJC_ROOT_CLASS = YES_ERROR;
				CLANG_WARN_QUOTED_INCLUDE_IN_FRAMEWORK_HEADER = YES;
				CLANG_WARN_RANGE_LOOP_ANALYSIS = YES;
				CLANG_WARN_STRICT_PROTOTYPES = YES;
				CLANG_WARN_SUSPICIOUS_MOVE = YES;
				CLANG_WARN_UNGUARDED_AVAILABILITY = YES_AGGRESSIVE;
				CLANG_WARN_UNREACHABLE_CODE = YES;
				CLANG_WARN__DUPLICATE_METHOD_MATCH = YES;
				COPY_PHASE_STRIP = NO;
				DEBUG_INFORMATION_FORMAT = dwarf;
				ENABLE_STRICT_OBJC_MSGSEND = YES;
				ENABLE_TESTABILITY = YES;
				GCC_C_LANGUAGE_STANDARD = gnu11;
				GCC_DYNAMIC_NO_PIC = NO;
				GCC_NO_COMMON_BLOCKS = YES;
				GCC_OPTIMIZATION_LEVEL = 0;
				GCC_PREPROCESSOR_DEFINITIONS = (
					"DEBUG=1",
					"$(inherited)",
				);
				GCC_WARN_64_TO_32_BIT_CONVERSION = YES;
				GCC_WARN_ABOUT_RETURN_TYPE = YES_ERROR;
				GCC_WARN_UNDECLARED_SELECTOR = YES;
				GCC_WARN_UNINITIALIZED_AUTOS = YES_AGGRESSIVE;
				GCC_WARN_UNUSED_FUNCTION = YES;
				GCC_WARN_UNUSED_VARIABLE = YES;
				IPHONEOS_DEPLOYMENT_TARGET = 14.4;
				MTL_ENABLE_DEBUG_INFO = INCLUDE_SOURCE;
				MTL_FAST_MATH = YES;
				ONLY_ACTIVE_ARCH = YES;
				SDKROOT = iphoneos;
				SWIFT_ACTIVE_COMPILATION_CONDITIONS = DEBUG;
				SWIFT_OPTIMIZATION_LEVEL = "-Onone";
			};
			name = Debug;
		};
		CC39236628AFA1A900B644DD /* Release */ = {
			isa = XCBuildConfiguration;
			buildSettings = {
				ALWAYS_SEARCH_USER_PATHS = NO;
				CLANG_ANALYZER_NONNULL = YES;
				CLANG_ANALYZER_NUMBER_OBJECT_CONVERSION = YES_AGGRESSIVE;
				CLANG_CXX_LANGUAGE_STANDARD = "gnu++17";
				CLANG_ENABLE_MODULES = YES;
				CLANG_ENABLE_OBJC_ARC = YES;
				CLANG_ENABLE_OBJC_WEAK = YES;
				CLANG_WARN_BLOCK_CAPTURE_AUTORELEASING = YES;
				CLANG_WARN_BOOL_CONVERSION = YES;
				CLANG_WARN_COMMA = YES;
				CLANG_WARN_CONSTANT_CONVERSION = YES;
				CLANG_WARN_DEPRECATED_OBJC_IMPLEMENTATIONS = YES;
				CLANG_WARN_DIRECT_OBJC_ISA_USAGE = YES_ERROR;
				CLANG_WARN_DOCUMENTATION_COMMENTS = YES;
				CLANG_WARN_EMPTY_BODY = YES;
				CLANG_WARN_ENUM_CONVERSION = YES;
				CLANG_WARN_INFINITE_RECURSION = YES;
				CLANG_WARN_INT_CONVERSION = YES;
				CLANG_WARN_NON_LITERAL_NULL_CONVERSION = YES;
				CLANG_WARN_OBJC_IMPLICIT_RETAIN_SELF = YES;
				CLANG_WARN_OBJC_LITERAL_CONVERSION = YES;
				CLANG_WARN_OBJC_ROOT_CLASS = YES_ERROR;
				CLANG_WARN_QUOTED_INCLUDE_IN_FRAMEWORK_HEADER = YES;
				CLANG_WARN_RANGE_LOOP_ANALYSIS = YES;
				CLANG_WARN_STRICT_PROTOTYPES = YES;
				CLANG_WARN_SUSPICIOUS_MOVE = YES;
				CLANG_WARN_UNGUARDED_AVAILABILITY = YES_AGGRESSIVE;
				CLANG_WARN_UNREACHABLE_CODE = YES;
				CLANG_WARN__DUPLICATE_METHOD_MATCH = YES;
				COPY_PHASE_STRIP = NO;
				DEBUG_INFORMATION_FORMAT = "dwarf-with-dsym";
				ENABLE_NS_ASSERTIONS = NO;
				ENABLE_STRICT_OBJC_MSGSEND = YES;
				GCC_C_LANGUAGE_STANDARD = gnu11;
				GCC_NO_COMMON_BLOCKS = YES;
				GCC_WARN_64_TO_32_BIT_CONVERSION = YES;
				GCC_WARN_ABOUT_RETURN_TYPE = YES_ERROR;
				GCC_WARN_UNDECLARED_SELECTOR = YES;
				GCC_WARN_UNINITIALIZED_AUTOS = YES_AGGRESSIVE;
				GCC_WARN_UNUSED_FUNCTION = YES;
				GCC_WARN_UNUSED_VARIABLE = YES;
				IPHONEOS_DEPLOYMENT_TARGET = 14.4;
				MTL_ENABLE_DEBUG_INFO = NO;
				MTL_FAST_MATH = YES;
				SDKROOT = iphoneos;
				SWIFT_COMPILATION_MODE = wholemodule;
				SWIFT_OPTIMIZATION_LEVEL = "-O";
				VALIDATE_PRODUCT = YES;
			};
			name = Release;
		};
		CC39236828AFA1A900B644DD /* Debug */ = {
			isa = XCBuildConfiguration;
			buildSettings = {
				ASSETCATALOG_COMPILER_APPICON_NAME = AppIcon;
				ASSETCATALOG_COMPILER_GLOBAL_ACCENT_COLOR_NAME = AccentColor;
				CODE_SIGN_STYLE = Automatic;
				CURRENT_PROJECT_VERSION = 1;
				DEVELOPMENT_TEAM = 65BC4963RG;
				GENERATE_INFOPLIST_FILE = YES;
				INFOPLIST_FILE = CryptoApp/Info.plist;
				INFOPLIST_KEY_UIApplicationSupportsIndirectInputEvents = YES;
				INFOPLIST_KEY_UILaunchStoryboardName = LaunchScreen;
				INFOPLIST_KEY_UISupportedInterfaceOrientations_iPad = "UIInterfaceOrientationPortrait UIInterfaceOrientationPortraitUpsideDown UIInterfaceOrientationLandscapeLeft UIInterfaceOrientationLandscapeRight";
				INFOPLIST_KEY_UISupportedInterfaceOrientations_iPhone = "UIInterfaceOrientationPortrait UIInterfaceOrientationLandscapeLeft UIInterfaceOrientationLandscapeRight";
				IPHONEOS_DEPLOYMENT_TARGET = 14.4;
				LD_RUNPATH_SEARCH_PATHS = (
					"$(inherited)",
					"@executable_path/Frameworks",
				);
				MARKETING_VERSION = 1.0;
				PRODUCT_BUNDLE_IDENTIFIER = Pavliuc.CryptoApp;
				PRODUCT_NAME = "$(TARGET_NAME)";
				SWIFT_EMIT_LOC_STRINGS = YES;
				SWIFT_VERSION = 5.0;
				TARGETED_DEVICE_FAMILY = 1;
			};
			name = Debug;
		};
		CC39236928AFA1A900B644DD /* Release */ = {
			isa = XCBuildConfiguration;
			buildSettings = {
				ASSETCATALOG_COMPILER_APPICON_NAME = AppIcon;
				ASSETCATALOG_COMPILER_GLOBAL_ACCENT_COLOR_NAME = AccentColor;
				CODE_SIGN_STYLE = Automatic;
				CURRENT_PROJECT_VERSION = 1;
				DEVELOPMENT_TEAM = 65BC4963RG;
				GENERATE_INFOPLIST_FILE = YES;
				INFOPLIST_FILE = CryptoApp/Info.plist;
				INFOPLIST_KEY_UIApplicationSupportsIndirectInputEvents = YES;
				INFOPLIST_KEY_UILaunchStoryboardName = LaunchScreen;
				INFOPLIST_KEY_UISupportedInterfaceOrientations_iPad = "UIInterfaceOrientationPortrait UIInterfaceOrientationPortraitUpsideDown UIInterfaceOrientationLandscapeLeft UIInterfaceOrientationLandscapeRight";
				INFOPLIST_KEY_UISupportedInterfaceOrientations_iPhone = "UIInterfaceOrientationPortrait UIInterfaceOrientationLandscapeLeft UIInterfaceOrientationLandscapeRight";
				IPHONEOS_DEPLOYMENT_TARGET = 14.4;
				LD_RUNPATH_SEARCH_PATHS = (
					"$(inherited)",
					"@executable_path/Frameworks",
				);
				MARKETING_VERSION = 1.0;
				PRODUCT_BUNDLE_IDENTIFIER = Pavliuc.CryptoApp;
				PRODUCT_NAME = "$(TARGET_NAME)";
				SWIFT_EMIT_LOC_STRINGS = YES;
				SWIFT_VERSION = 5.0;
				TARGETED_DEVICE_FAMILY = 1;
			};
			name = Release;
		};
/* End XCBuildConfiguration section */

/* Begin XCConfigurationList section */
		CC39234E28AFA1A000B644DD /* Build configuration list for PBXProject "CryptoApp" */ = {
			isa = XCConfigurationList;
			buildConfigurations = (
				CC39236528AFA1A900B644DD /* Debug */,
				CC39236628AFA1A900B644DD /* Release */,
			);
			defaultConfigurationIsVisible = 0;
			defaultConfigurationName = Release;
		};
		CC39236728AFA1A900B644DD /* Build configuration list for PBXNativeTarget "CryptoApp" */ = {
			isa = XCConfigurationList;
			buildConfigurations = (
				CC39236828AFA1A900B644DD /* Debug */,
				CC39236928AFA1A900B644DD /* Release */,
			);
			defaultConfigurationIsVisible = 0;
			defaultConfigurationName = Release;
		};
/* End XCConfigurationList section */

/* Begin XCRemoteSwiftPackageReference section */
		CC00B6D028B2546400B29F42 /* XCRemoteSwiftPackageReference "CombineDataSources" */ = {
			isa = XCRemoteSwiftPackageReference;
			repositoryURL = "https://github.com/combineopensource/CombineDataSources";
			requirement = {
				kind = upToNextMajorVersion;
				minimumVersion = 0.2.5;
			};
		};
		CC0CAFA028B3776C00839D04 /* XCRemoteSwiftPackageReference "Charts" */ = {
			isa = XCRemoteSwiftPackageReference;
			repositoryURL = "https://github.com/danielgindi/Charts.git";
			requirement = {
				kind = upToNextMajorVersion;
				minimumVersion = 3.0.0;
			};
		};
		CC6D8D9128AFB101004956A2 /* XCRemoteSwiftPackageReference "realm-swift" */ = {
			isa = XCRemoteSwiftPackageReference;
			repositoryURL = "https://github.com/realm/realm-swift.git";
			requirement = {
				branch = master;
				kind = branch;
			};
		};
		CC6D8D9628AFB154004956A2 /* XCRemoteSwiftPackageReference "SnapKit" */ = {
			isa = XCRemoteSwiftPackageReference;
			repositoryURL = "https://github.com/SnapKit/SnapKit.git";
			requirement = {
				kind = upToNextMajorVersion;
				minimumVersion = 5.0.1;
			};
		};
/* End XCRemoteSwiftPackageReference section */

/* Begin XCSwiftPackageProductDependency section */
		CC00B6D128B2546400B29F42 /* CombineDataSources */ = {
			isa = XCSwiftPackageProductDependency;
			package = CC00B6D028B2546400B29F42 /* XCRemoteSwiftPackageReference "CombineDataSources" */;
			productName = CombineDataSources;
		};
		CC0CAFA128B3776C00839D04 /* Charts */ = {
			isa = XCSwiftPackageProductDependency;
			package = CC0CAFA028B3776C00839D04 /* XCRemoteSwiftPackageReference "Charts" */;
			productName = Charts;
		};
		CC6D8D9228AFB101004956A2 /* Realm */ = {
			isa = XCSwiftPackageProductDependency;
			package = CC6D8D9128AFB101004956A2 /* XCRemoteSwiftPackageReference "realm-swift" */;
			productName = Realm;
		};
		CC6D8D9428AFB101004956A2 /* RealmSwift */ = {
			isa = XCSwiftPackageProductDependency;
			package = CC6D8D9128AFB101004956A2 /* XCRemoteSwiftPackageReference "realm-swift" */;
			productName = RealmSwift;
		};
		CC6D8D9728AFB154004956A2 /* SnapKit */ = {
			isa = XCSwiftPackageProductDependency;
			package = CC6D8D9628AFB154004956A2 /* XCRemoteSwiftPackageReference "SnapKit" */;
			productName = SnapKit;
		};
/* End XCSwiftPackageProductDependency section */
	};
	rootObject = CC39234B28AFA1A000B644DD /* Project object */;
}
